
Microsoft Visual Studio Solution File, Format Version 12.00
# Visual Studio 15
Project("{FAE04EC0-301F-11D3-BF4B-00C04F79EFBC}") = "Assembly-CSharp", "Assembly-CSharp.csproj", "{01F8B136-463E-AA4D-E5B3-AA765FB2210A}"
EndProject
Project("{FAE04EC0-301F-11D3-BF4B-00C04F79EFBC}") = "Assembly-CSharp-Editor", "Assembly-CSharp-Editor.csproj", "{46277FA6-17BB-D971-4873-12127F29DDEF}"
EndProject
Global
	GlobalSection(SolutionConfigurationPlatforms) = preSolution
		Debug|Any CPU = Debug|Any CPU
		Release|Any CPU = Release|Any CPU
	EndGlobalSection
	GlobalSection(ProjectConfigurationPlatforms) = postSolution
		{01F8B136-463E-AA4D-E5B3-AA765FB2210A}.Debug|Any CPU.ActiveCfg = Debug|Any CPU
		{01F8B136-463E-AA4D-E5B3-AA765FB2210A}.Debug|Any CPU.Build.0 = Debug|Any CPU
		{01F8B136-463E-AA4D-E5B3-AA765FB2210A}.Release|Any CPU.ActiveCfg = Release|Any CPU
		{01F8B136-463E-AA4D-E5B3-AA765FB2210A}.Release|Any CPU.Build.0 = Release|Any CPU
		{46277FA6-17BB-D971-4873-12127F29DDEF}.Debug|Any CPU.ActiveCfg = Debug|Any CPU
		{46277FA6-17BB-D971-4873-12127F29DDEF}.Debug|Any CPU.Build.0 = Debug|Any CPU
		{46277FA6-17BB-D971-4873-12127F29DDEF}.Release|Any CPU.ActiveCfg = Release|Any CPU
		{46277FA6-17BB-D971-4873-12127F29DDEF}.Release|Any CPU.Build.0 = Release|Any CPU
	EndGlobalSection
	GlobalSection(SolutionProperties) = preSolution
		HideSolutionNode = FALSE
	EndGlobalSection
EndGlobal
